// !$*UTF8*$!
{
	archiveVersion = 1;
	classes = {
	};
	objectVersion = 46;
	objects = {

/* Begin PBXBuildFile section */
		F058C3781E94D31600214902 /* main.m in Sources */ = {isa = PBXBuildFile; fileRef = F058C3771E94D31600214902 /* main.m */; };
		F058C37B1E94D31600214902 /* AppDelegate.m in Sources */ = {isa = PBXBuildFile; fileRef = F058C37A1E94D31600214902 /* AppDelegate.m */; };
		F058C37E1E94D31600214902 /* ViewController.m in Sources */ = {isa = PBXBuildFile; fileRef = F058C37D1E94D31600214902 /* ViewController.m */; };
		F058C3811E94D31600214902 /* Main.storyboard in Resources */ = {isa = PBXBuildFile; fileRef = F058C37F1E94D31600214902 /* Main.storyboard */; };
		F058C3831E94D31700214902 /* Assets.xcassets in Resources */ = {isa = PBXBuildFile; fileRef = F058C3821E94D31700214902 /* Assets.xcassets */; };
		F058C3861E94D31700214902 /* LaunchScreen.storyboard in Resources */ = {isa = PBXBuildFile; fileRef = F058C3841E94D31700214902 /* LaunchScreen.storyboard */; };
		F058C3911E94D31700214902 /* ZXGSqliteCacheTests.m in Sources */ = {isa = PBXBuildFile; fileRef = F058C3901E94D31700214902 /* ZXGSqliteCacheTests.m */; };
		F058C39C1E94D31700214902 /* ZXGSqliteCacheUITests.m in Sources */ = {isa = PBXBuildFile; fileRef = F058C39B1E94D31700214902 /* ZXGSqliteCacheUITests.m */; };
		F058C3AC1E94D48F00214902 /* ZXGFMDBModel.m in Sources */ = {isa = PBXBuildFile; fileRef = F058C3AB1E94D48F00214902 /* ZXGFMDBModel.m */; };
		F058C3AF1E94D4D100214902 /* FMDBDatabaseTool.m in Sources */ = {isa = PBXBuildFile; fileRef = F058C3AE1E94D4D100214902 /* FMDBDatabaseTool.m */; };
		F058C3BC1E94D52900214902 /* FMDatabase.m in Sources */ = {isa = PBXBuildFile; fileRef = F058C3B21E94D52900214902 /* FMDatabase.m */; };
		F058C3BD1E94D52900214902 /* FMDatabaseAdditions.m in Sources */ = {isa = PBXBuildFile; fileRef = F058C3B41E94D52900214902 /* FMDatabaseAdditions.m */; };
		F058C3BE1E94D52900214902 /* FMDatabasePool.m in Sources */ = {isa = PBXBuildFile; fileRef = F058C3B61E94D52900214902 /* FMDatabasePool.m */; };
		F058C3BF1E94D52900214902 /* FMDatabaseQueue.m in Sources */ = {isa = PBXBuildFile; fileRef = F058C3B81E94D52900214902 /* FMDatabaseQueue.m */; };
		F058C3C01E94D52900214902 /* FMResultSet.m in Sources */ = {isa = PBXBuildFile; fileRef = F058C3BB1E94D52900214902 /* FMResultSet.m */; };
		F058C3C31E94D56500214902 /* libsqlite3.0.tbd in Frameworks */ = {isa = PBXBuildFile; fileRef = F058C3C21E94D56500214902 /* libsqlite3.0.tbd */; };
		F058C3C91E94D5AE00214902 /* Dog.m in Sources */ = {isa = PBXBuildFile; fileRef = F058C3C61E94D5AE00214902 /* Dog.m */; };
		F058C3CA1E94D5AE00214902 /* Person.m in Sources */ = {isa = PBXBuildFile; fileRef = F058C3C81E94D5AE00214902 /* Person.m */; };
/* End PBXBuildFile section */

/* Begin PBXContainerItemProxy section */
		F058C38D1E94D31700214902 /* PBXContainerItemProxy */ = {
			isa = PBXContainerItemProxy;
			containerPortal = F058C36B1E94D31600214902 /* Project object */;
			proxyType = 1;
			remoteGlobalIDString = F058C3721E94D31600214902;
			remoteInfo = ZXGSqliteCache;
		};
		F058C3981E94D31700214902 /* PBXContainerItemProxy */ = {
			isa = PBXContainerItemProxy;
			containerPortal = F058C36B1E94D31600214902 /* Project object */;
			proxyType = 1;
			remoteGlobalIDString = F058C3721E94D31600214902;
			remoteInfo = ZXGSqliteCache;
		};
/* End PBXContainerItemProxy section */

/* Begin PBXFileReference section */
		F058C3731E94D31600214902 /* ZXGSqliteCache.app */ = {isa = PBXFileReference; explicitFileType = wrapper.application; includeInIndex = 0; path = ZXGSqliteCache.app; sourceTree = BUILT_PRODUCTS_DIR; };
		F058C3771E94D31600214902 /* main.m */ = {isa = PBXFileReference; lastKnownFileType = sourcecode.c.objc; path = main.m; sourceTree = "<group>"; };
		F058C3791E94D31600214902 /* AppDelegate.h */ = {isa = PBXFileReference; lastKnownFileType = sourcecode.c.h; path = AppDelegate.h; sourceTree = "<group>"; };
		F058C37A1E94D31600214902 /* AppDelegate.m */ = {isa = PBXFileReference; lastKnownFileType = sourcecode.c.objc; path = AppDelegate.m; sourceTree = "<group>"; };
		F058C37C1E94D31600214902 /* ViewController.h */ = {isa = PBXFileReference; lastKnownFileType = sourcecode.c.h; name = ViewController.h; path = ../ViewController.h; sourceTree = "<group>"; };
		F058C37D1E94D31600214902 /* ViewController.m */ = {isa = PBXFileReference; lastKnownFileType = sourcecode.c.objc; name = ViewController.m; path = ../ViewController.m; sourceTree = "<group>"; };
		F058C3801E94D31600214902 /* Base */ = {isa = PBXFileReference; lastKnownFileType = file.storyboard; name = Base; path = Base.lproj/Main.storyboard; sourceTree = "<group>"; };
		F058C3821E94D31700214902 /* Assets.xcassets */ = {isa = PBXFileReference; lastKnownFileType = folder.assetcatalog; path = Assets.xcassets; sourceTree = "<group>"; };
		F058C3851E94D31700214902 /* Base */ = {isa = PBXFileReference; lastKnownFileType = file.storyboard; name = Base; path = Base.lproj/LaunchScreen.storyboard; sourceTree = "<group>"; };
		F058C3871E94D31700214902 /* Info.plist */ = {isa = PBXFileReference; lastKnownFileType = text.plist.xml; path = Info.plist; sourceTree = "<group>"; };
		F058C38C1E94D31700214902 /* ZXGSqliteCacheTests.xctest */ = {isa = PBXFileReference; explicitFileType = wrapper.cfbundle; includeInIndex = 0; path = ZXGSqliteCacheTests.xctest; sourceTree = BUILT_PRODUCTS_DIR; };
		F058C3901E94D31700214902 /* ZXGSqliteCacheTests.m */ = {isa = PBXFileReference; lastKnownFileType = sourcecode.c.objc; path = ZXGSqliteCacheTests.m; sourceTree = "<group>"; };
		F058C3921E94D31700214902 /* Info.plist */ = {isa = PBXFileReference; lastKnownFileType = text.plist.xml; path = Info.plist; sourceTree = "<group>"; };
		F058C3971E94D31700214902 /* ZXGSqliteCacheUITests.xctest */ = {isa = PBXFileReference; explicitFileType = wrapper.cfbundle; includeInIndex = 0; path = ZXGSqliteCacheUITests.xctest; sourceTree = BUILT_PRODUCTS_DIR; };
		F058C39B1E94D31700214902 /* ZXGSqliteCacheUITests.m */ = {isa = PBXFileReference; lastKnownFileType = sourcecode.c.objc; path = ZXGSqliteCacheUITests.m; sourceTree = "<group>"; };
		F058C39D1E94D31700214902 /* Info.plist */ = {isa = PBXFileReference; lastKnownFileType = text.plist.xml; path = Info.plist; sourceTree = "<group>"; };
		F058C3AA1E94D48F00214902 /* ZXGFMDBModel.h */ = {isa = PBXFileReference; fileEncoding = 4; lastKnownFileType = sourcecode.c.h; path = ZXGFMDBModel.h; sourceTree = "<group>"; };
		F058C3AB1E94D48F00214902 /* ZXGFMDBModel.m */ = {isa = PBXFileReference; fileEncoding = 4; lastKnownFileType = sourcecode.c.objc; path = ZXGFMDBModel.m; sourceTree = "<group>"; };
		F058C3AD1E94D4D100214902 /* FMDBDatabaseTool.h */ = {isa = PBXFileReference; fileEncoding = 4; lastKnownFileType = sourcecode.c.h; path = FMDBDatabaseTool.h; sourceTree = "<group>"; };
		F058C3AE1E94D4D100214902 /* FMDBDatabaseTool.m */ = {isa = PBXFileReference; fileEncoding = 4; lastKnownFileType = sourcecode.c.objc; path = FMDBDatabaseTool.m; sourceTree = "<group>"; };
		F058C3B11E94D52900214902 /* FMDatabase.h */ = {isa = PBXFileReference; fileEncoding = 4; lastKnownFileType = sourcecode.c.h; path = FMDatabase.h; sourceTree = "<group>"; };
		F058C3B21E94D52900214902 /* FMDatabase.m */ = {isa = PBXFileReference; fileEncoding = 4; lastKnownFileType = sourcecode.c.objc; path = FMDatabase.m; sourceTree = "<group>"; };
		F058C3B31E94D52900214902 /* FMDatabaseAdditions.h */ = {isa = PBXFileReference; fileEncoding = 4; lastKnownFileType = sourcecode.c.h; path = FMDatabaseAdditions.h; sourceTree = "<group>"; };
		F058C3B41E94D52900214902 /* FMDatabaseAdditions.m */ = {isa = PBXFileReference; fileEncoding = 4; lastKnownFileType = sourcecode.c.objc; path = FMDatabaseAdditions.m; sourceTree = "<group>"; };
		F058C3B51E94D52900214902 /* FMDatabasePool.h */ = {isa = PBXFileReference; fileEncoding = 4; lastKnownFileType = sourcecode.c.h; path = FMDatabasePool.h; sourceTree = "<group>"; };
		F058C3B61E94D52900214902 /* FMDatabasePool.m */ = {isa = PBXFileReference; fileEncoding = 4; lastKnownFileType = sourcecode.c.objc; path = FMDatabasePool.m; sourceTree = "<group>"; };
		F058C3B71E94D52900214902 /* FMDatabaseQueue.h */ = {isa = PBXFileReference; fileEncoding = 4; lastKnownFileType = sourcecode.c.h; path = FMDatabaseQueue.h; sourceTree = "<group>"; };
		F058C3B81E94D52900214902 /* FMDatabaseQueue.m */ = {isa = PBXFileReference; fileEncoding = 4; lastKnownFileType = sourcecode.c.objc; path = FMDatabaseQueue.m; sourceTree = "<group>"; };
		F058C3B91E94D52900214902 /* FMDB.h */ = {isa = PBXFileReference; fileEncoding = 4; lastKnownFileType = sourcecode.c.h; path = FMDB.h; sourceTree = "<group>"; };
		F058C3BA1E94D52900214902 /* FMResultSet.h */ = {isa = PBXFileReference; fileEncoding = 4; lastKnownFileType = sourcecode.c.h; path = FMResultSet.h; sourceTree = "<group>"; };
		F058C3BB1E94D52900214902 /* FMResultSet.m */ = {isa = PBXFileReference; fileEncoding = 4; lastKnownFileType = sourcecode.c.objc; path = FMResultSet.m; sourceTree = "<group>"; };
		F058C3C21E94D56500214902 /* libsqlite3.0.tbd */ = {isa = PBXFileReference; lastKnownFileType = "sourcecode.text-based-dylib-definition"; name = libsqlite3.0.tbd; path = usr/lib/libsqlite3.0.tbd; sourceTree = SDKROOT; };
		F058C3C51E94D5AE00214902 /* Dog.h */ = {isa = PBXFileReference; fileEncoding = 4; lastKnownFileType = sourcecode.c.h; path = Dog.h; sourceTree = "<group>"; };
		F058C3C61E94D5AE00214902 /* Dog.m */ = {isa = PBXFileReference; fileEncoding = 4; lastKnownFileType = sourcecode.c.objc; path = Dog.m; sourceTree = "<group>"; };
		F058C3C71E94D5AE00214902 /* Person.h */ = {isa = PBXFileReference; fileEncoding = 4; lastKnownFileType = sourcecode.c.h; path = Person.h; sourceTree = "<group>"; };
		F058C3C81E94D5AE00214902 /* Person.m */ = {isa = PBXFileReference; fileEncoding = 4; lastKnownFileType = sourcecode.c.objc; path = Person.m; sourceTree = "<group>"; };
/* End PBXFileReference section */

/* Begin PBXFrameworksBuildPhase section */
		F058C3701E94D31600214902 /* Frameworks */ = {
			isa = PBXFrameworksBuildPhase;
			buildActionMask = 2147483647;
			files = (
				F058C3C31E94D56500214902 /* libsqlite3.0.tbd in Frameworks */,
			);
			runOnlyForDeploymentPostprocessing = 0;
		};
		F058C3891E94D31700214902 /* Frameworks */ = {
			isa = PBXFrameworksBuildPhase;
			buildActionMask = 2147483647;
			files = (
			);
			runOnlyForDeploymentPostprocessing = 0;
		};
		F058C3941E94D31700214902 /* Frameworks */ = {
			isa = PBXFrameworksBuildPhase;
			buildActionMask = 2147483647;
			files = (
			);
			runOnlyForDeploymentPostprocessing = 0;
		};
/* End PBXFrameworksBuildPhase section */

/* Begin PBXGroup section */
		F058C36A1E94D31600214902 = {
			isa = PBXGroup;
			children = (
				F058C3751E94D31600214902 /* ZXGSqliteCache */,
				F058C38F1E94D31700214902 /* ZXGSqliteCacheTests */,
				F058C39A1E94D31700214902 /* ZXGSqliteCacheUITests */,
				F058C3741E94D31600214902 /* Products */,
				F058C3C11E94D56500214902 /* Frameworks */,
			);
			sourceTree = "<group>";
		};
		F058C3741E94D31600214902 /* Products */ = {
			isa = PBXGroup;
			children = (
				F058C3731E94D31600214902 /* ZXGSqliteCache.app */,
				F058C38C1E94D31700214902 /* ZXGSqliteCacheTests.xctest */,
				F058C3971E94D31700214902 /* ZXGSqliteCacheUITests.xctest */,
			);
			name = Products;
			sourceTree = "<group>";
		};
		F058C3751E94D31600214902 /* ZXGSqliteCache */ = {
			isa = PBXGroup;
			children = (
				F058C3A91E94D46E00214902 /* ZXGSqliteCache */,
				F058C3C41E94D59300214902 /* Demo */,
				F058C37F1E94D31600214902 /* Main.storyboard */,
				F058C3821E94D31700214902 /* Assets.xcassets */,
				F058C3841E94D31700214902 /* LaunchScreen.storyboard */,
				F058C3871E94D31700214902 /* Info.plist */,
				F058C3791E94D31600214902 /* AppDelegate.h */,
				F058C37A1E94D31600214902 /* AppDelegate.m */,
				F058C3761E94D31600214902 /* Supporting Files */,
			);
			path = ZXGSqliteCache;
			sourceTree = "<group>";
		};
		F058C3761E94D31600214902 /* Supporting Files */ = {
			isa = PBXGroup;
			children = (
				F058C3771E94D31600214902 /* main.m */,
			);
			name = "Supporting Files";
			sourceTree = "<group>";
		};
		F058C38F1E94D31700214902 /* ZXGSqliteCacheTests */ = {
			isa = PBXGroup;
			children = (
				F058C3901E94D31700214902 /* ZXGSqliteCacheTests.m */,
				F058C3921E94D31700214902 /* Info.plist */,
			);
			path = ZXGSqliteCacheTests;
			sourceTree = "<group>";
		};
		F058C39A1E94D31700214902 /* ZXGSqliteCacheUITests */ = {
			isa = PBXGroup;
			children = (
				F058C39B1E94D31700214902 /* ZXGSqliteCacheUITests.m */,
				F058C39D1E94D31700214902 /* Info.plist */,
			);
			path = ZXGSqliteCacheUITests;
			sourceTree = "<group>";
		};
		F058C3A91E94D46E00214902 /* ZXGSqliteCache */ = {
			isa = PBXGroup;
			children = (
				F058C3B01E94D52900214902 /* FMDB */,
				F058C3AA1E94D48F00214902 /* ZXGFMDBModel.h */,
				F058C3AB1E94D48F00214902 /* ZXGFMDBModel.m */,
				F058C3AD1E94D4D100214902 /* FMDBDatabaseTool.h */,
				F058C3AE1E94D4D100214902 /* FMDBDatabaseTool.m */,
			);
			path = ZXGSqliteCache;
			sourceTree = "<group>";
		};
		F058C3B01E94D52900214902 /* FMDB */ = {
			isa = PBXGroup;
			children = (
				F058C3B11E94D52900214902 /* FMDatabase.h */,
				F058C3B21E94D52900214902 /* FMDatabase.m */,
				F058C3B31E94D52900214902 /* FMDatabaseAdditions.h */,
				F058C3B41E94D52900214902 /* FMDatabaseAdditions.m */,
				F058C3B51E94D52900214902 /* FMDatabasePool.h */,
				F058C3B61E94D52900214902 /* FMDatabasePool.m */,
				F058C3B71E94D52900214902 /* FMDatabaseQueue.h */,
				F058C3B81E94D52900214902 /* FMDatabaseQueue.m */,
				F058C3B91E94D52900214902 /* FMDB.h */,
				F058C3BA1E94D52900214902 /* FMResultSet.h */,
				F058C3BB1E94D52900214902 /* FMResultSet.m */,
			);
			path = FMDB;
			sourceTree = "<group>";
		};
		F058C3C11E94D56500214902 /* Frameworks */ = {
			isa = PBXGroup;
			children = (
				F058C3C21E94D56500214902 /* libsqlite3.0.tbd */,
			);
			name = Frameworks;
			sourceTree = "<group>";
		};
		F058C3C41E94D59300214902 /* Demo */ = {
			isa = PBXGroup;
			children = (
				F058C3C51E94D5AE00214902 /* Dog.h */,
				F058C3C61E94D5AE00214902 /* Dog.m */,
				F058C3C71E94D5AE00214902 /* Person.h */,
				F058C3C81E94D5AE00214902 /* Person.m */,
				F058C37C1E94D31600214902 /* ViewController.h */,
				F058C37D1E94D31600214902 /* ViewController.m */,
			);
			path = Demo;
			sourceTree = "<group>";
		};
/* End PBXGroup section */

/* Begin PBXNativeTarget section */
		F058C3721E94D31600214902 /* ZXGSqliteCache */ = {
			isa = PBXNativeTarget;
			buildConfigurationList = F058C3A01E94D31700214902 /* Build configuration list for PBXNativeTarget "ZXGSqliteCache" */;
			buildPhases = (
				F058C36F1E94D31600214902 /* Sources */,
				F058C3701E94D31600214902 /* Frameworks */,
				F058C3711E94D31600214902 /* Resources */,
			);
			buildRules = (
			);
			dependencies = (
			);
			name = ZXGSqliteCache;
			productName = ZXGSqliteCache;
			productReference = F058C3731E94D31600214902 /* ZXGSqliteCache.app */;
			productType = "com.apple.product-type.application";
		};
		F058C38B1E94D31700214902 /* ZXGSqliteCacheTests */ = {
			isa = PBXNativeTarget;
			buildConfigurationList = F058C3A31E94D31700214902 /* Build configuration list for PBXNativeTarget "ZXGSqliteCacheTests" */;
			buildPhases = (
				F058C3881E94D31700214902 /* Sources */,
				F058C3891E94D31700214902 /* Frameworks */,
				F058C38A1E94D31700214902 /* Resources */,
			);
			buildRules = (
			);
			dependencies = (
				F058C38E1E94D31700214902 /* PBXTargetDependency */,
			);
			name = ZXGSqliteCacheTests;
			productName = ZXGSqliteCacheTests;
			productReference = F058C38C1E94D31700214902 /* ZXGSqliteCacheTests.xctest */;
			productType = "com.apple.product-type.bundle.unit-test";
		};
		F058C3961E94D31700214902 /* ZXGSqliteCacheUITests */ = {
			isa = PBXNativeTarget;
			buildConfigurationList = F058C3A61E94D31700214902 /* Build configuration list for PBXNativeTarget "ZXGSqliteCacheUITests" */;
			buildPhases = (
				F058C3931E94D31700214902 /* Sources */,
				F058C3941E94D31700214902 /* Frameworks */,
				F058C3951E94D31700214902 /* Resources */,
			);
			buildRules = (
			);
			dependencies = (
				F058C3991E94D31700214902 /* PBXTargetDependency */,
			);
			name = ZXGSqliteCacheUITests;
			productName = ZXGSqliteCacheUITests;
			productReference = F058C3971E94D31700214902 /* ZXGSqliteCacheUITests.xctest */;
			productType = "com.apple.product-type.bundle.ui-testing";
		};
/* End PBXNativeTarget section */

/* Begin PBXProject section */
		F058C36B1E94D31600214902 /* Project object */ = {
			isa = PBXProject;
			attributes = {
				LastUpgradeCheck = 0800;
				ORGANIZATIONNAME = com.zxg.sqlitecache;
				TargetAttributes = {
					F058C3721E94D31600214902 = {
						CreatedOnToolsVersion = 8.0;
						ProvisioningStyle = Automatic;
					};
					F058C38B1E94D31700214902 = {
						CreatedOnToolsVersion = 8.0;
						ProvisioningStyle = Automatic;
						TestTargetID = F058C3721E94D31600214902;
					};
					F058C3961E94D31700214902 = {
						CreatedOnToolsVersion = 8.0;
						ProvisioningStyle = Automatic;
						TestTargetID = F058C3721E94D31600214902;
					};
				};
			};
			buildConfigurationList = F058C36E1E94D31600214902 /* Build configuration list for PBXProject "ZXGSqliteCache" */;
			compatibilityVersion = "Xcode 3.2";
			developmentRegion = English;
			hasScannedForEncodings = 0;
			knownRegions = (
				en,
				Base,
			);
			mainGroup = F058C36A1E94D31600214902;
			productRefGroup = F058C3741E94D31600214902 /* Products */;
			projectDirPath = "";
			projectRoot = "";
			targets = (
				F058C3721E94D31600214902 /* ZXGSqliteCache */,
				F058C38B1E94D31700214902 /* ZXGSqliteCacheTests */,
				F058C3961E94D31700214902 /* ZXGSqliteCacheUITests */,
			);
		};
/* End PBXProject section */

/* Begin PBXResourcesBuildPhase section */
		F058C3711E94D31600214902 /* Resources */ = {
			isa = PBXResourcesBuildPhase;
			buildActionMask = 2147483647;
			files = (
				F058C3861E94D31700214902 /* LaunchScreen.storyboard in Resources */,
				F058C3831E94D31700214902 /* Assets.xcassets in Resources */,
				F058C3811E94D31600214902 /* Main.storyboard in Resources */,
			);
			runOnlyForDeploymentPostprocessing = 0;
		};
		F058C38A1E94D31700214902 /* Resources */ = {
			isa = PBXResourcesBuildPhase;
			buildActionMask = 2147483647;
			files = (
			);
			runOnlyForDeploymentPostprocessing = 0;
		};
		F058C3951E94D31700214902 /* Resources */ = {
			isa = PBXResourcesBuildPhase;
			buildActionMask = 2147483647;
			files = (
			);
			runOnlyForDeploymentPostprocessing = 0;
		};
/* End PBXResourcesBuildPhase section */

/* Begin PBXSourcesBuildPhase section */
		F058C36F1E94D31600214902 /* Sources */ = {
			isa = PBXSourcesBuildPhase;
			buildActionMask = 2147483647;
			files = (
				F058C3C91E94D5AE00214902 /* Dog.m in Sources */,
				F058C3AC1E94D48F00214902 /* ZXGFMDBModel.m in Sources */,
				F058C37E1E94D31600214902 /* ViewController.m in Sources */,
				F058C3AF1E94D4D100214902 /* FMDBDatabaseTool.m in Sources */,
				F058C3BC1E94D52900214902 /* FMDatabase.m in Sources */,
				F058C3C01E94D52900214902 /* FMResultSet.m in Sources */,
				F058C3CA1E94D5AE00214902 /* Person.m in Sources */,
				F058C37B1E94D31600214902 /* AppDelegate.m in Sources */,
				F058C3BE1E94D52900214902 /* FMDatabasePool.m in Sources */,
				F058C3BD1E94D52900214902 /* FMDatabaseAdditions.m in Sources */,
				F058C3781E94D31600214902 /* main.m in Sources */,
				F058C3BF1E94D52900214902 /* FMDatabaseQueue.m in Sources */,
			);
			runOnlyForDeploymentPostprocessing = 0;
		};
		F058C3881E94D31700214902 /* Sources */ = {
			isa = PBXSourcesBuildPhase;
			buildActionMask = 2147483647;
			files = (
				F058C3911E94D31700214902 /* ZXGSqliteCacheTests.m in Sources */,
			);
			runOnlyForDeploymentPostprocessing = 0;
		};
		F058C3931E94D31700214902 /* Sources */ = {
			isa = PBXSourcesBuildPhase;
			buildActionMask = 2147483647;
			files = (
				F058C39C1E94D31700214902 /* ZXGSqliteCacheUITests.m in Sources */,
			);
			runOnlyForDeploymentPostprocessing = 0;
		};
/* End PBXSourcesBuildPhase section */

/* Begin PBXTargetDependency section */
		F058C38E1E94D31700214902 /* PBXTargetDependency */ = {
			isa = PBXTargetDependency;
			target = F058C3721E94D31600214902 /* ZXGSqliteCache */;
			targetProxy = F058C38D1E94D31700214902 /* PBXContainerItemProxy */;
		};
		F058C3991E94D31700214902 /* PBXTargetDependency */ = {
			isa = PBXTargetDependency;
			target = F058C3721E94D31600214902 /* ZXGSqliteCache */;
			targetProxy = F058C3981E94D31700214902 /* PBXContainerItemProxy */;
		};
/* End PBXTargetDependency section */

/* Begin PBXVariantGroup section */
		F058C37F1E94D31600214902 /* Main.storyboard */ = {
			isa = PBXVariantGroup;
			children = (
				F058C3801E94D31600214902 /* Base */,
			);
			name = Main.storyboard;
			sourceTree = "<group>";
		};
		F058C3841E94D31700214902 /* LaunchScreen.storyboard */ = {
			isa = PBXVariantGroup;
			children = (
				F058C3851E94D31700214902 /* Base */,
			);
			name = LaunchScreen.storyboard;
			sourceTree = "<group>";
		};
/* End PBXVariantGroup section */

/* Begin XCBuildConfiguration section */
		F058C39E1E94D31700214902 /* Debug */ = {
			isa = XCBuildConfiguration;
			buildSettings = {
				ALWAYS_SEARCH_USER_PATHS = NO;
				CLANG_ANALYZER_NONNULL = YES;
				CLANG_CXX_LANGUAGE_STANDARD = "gnu++0x";
				CLANG_CXX_LIBRARY = "libc++";
				CLANG_ENABLE_MODULES = YES;
				CLANG_ENABLE_OBJC_ARC = YES;
				CLANG_WARN_BOOL_CONVERSION = YES;
				CLANG_WARN_CONSTANT_CONVERSION = YES;
				CLANG_WARN_DIRECT_OBJC_ISA_USAGE = YES_ERROR;
				CLANG_WARN_DOCUMENTATION_COMMENTS = YES;
				CLANG_WARN_EMPTY_BODY = YES;
				CLANG_WARN_ENUM_CONVERSION = YES;
				CLANG_WARN_INFINITE_RECURSION = YES;
				CLANG_WARN_INT_CONVERSION = YES;
				CLANG_WARN_OBJC_ROOT_CLASS = YES_ERROR;
				CLANG_WARN_SUSPICIOUS_MOVES = YES;
				CLANG_WARN_UNREACHABLE_CODE = YES;
				CLANG_WARN__DUPLICATE_METHOD_MATCH = YES;
				"CODE_SIGN_IDENTITY[sdk=iphoneos*]" = "iPhone Developer";
				COPY_PHASE_STRIP = NO;
				DEBUG_INFORMATION_FORMAT = dwarf;
				ENABLE_STRICT_OBJC_MSGSEND = YES;
				ENABLE_TESTABILITY = YES;
				GCC_C_LANGUAGE_STANDARD = gnu99;
				GCC_DYNAMIC_NO_PIC = NO;
				GCC_NO_COMMON_BLOCKS = YES;
				GCC_OPTIMIZATION_LEVEL = 0;
				GCC_PREPROCESSOR_DEFINITIONS = (
					"DEBUG=1",
					"$(inherited)",
				);
				GCC_WARN_64_TO_32_BIT_CONVERSION = YES;
				GCC_WARN_ABOUT_RETURN_TYPE = YES_ERROR;
				GCC_WARN_UNDECLARED_SELECTOR = YES;
				GCC_WARN_UNINITIALIZED_AUTOS = YES_AGGRESSIVE;
				GCC_WARN_UNUSED_FUNCTION = YES;
				GCC_WARN_UNUSED_VARIABLE = YES;
				IPHONEOS_DEPLOYMENT_TARGET = 10.0;
				MTL_ENABLE_DEBUG_INFO = YES;
				ONLY_ACTIVE_ARCH = YES;
				SDKROOT = iphoneos;
			};
			name = Debug;
		};
		F058C39F1E94D31700214902 /* Release */ = {
			isa = XCBuildConfiguration;
			buildSettings = {
				ALWAYS_SEARCH_USER_PATHS = NO;
				CLANG_ANALYZER_NONNULL = YES;
				CLANG_CXX_LANGUAGE_STANDARD = "gnu++0x";
				CLANG_CXX_LIBRARY = "libc++";
				CLANG_ENABLE_MODULES = YES;
				CLANG_ENABLE_OBJC_ARC = YES;
				CLANG_WARN_BOOL_CONVERSION = YES;
				CLANG_WARN_CONSTANT_CONVERSION = YES;
				CLANG_WARN_DIRECT_OBJC_ISA_USAGE = YES_ERROR;
				CLANG_WARN_DOCUMENTATION_COMMENTS = YES;
				CLANG_WARN_EMPTY_BODY = YES;
				CLANG_WARN_ENUM_CONVERSION = YES;
				CLANG_WARN_INFINITE_RECURSION = YES;
				CLANG_WARN_INT_CONVERSION = YES;
				CLANG_WARN_OBJC_ROOT_CLASS = YES_ERROR;
				CLANG_WARN_SUSPICIOUS_MOVES = YES;
				CLANG_WARN_UNREACHABLE_CODE = YES;
				CLANG_WARN__DUPLICATE_METHOD_MATCH = YES;
				"CODE_SIGN_IDENTITY[sdk=iphoneos*]" = "iPhone Developer";
				COPY_PHASE_STRIP = NO;
				DEBUG_INFORMATION_FORMAT = "dwarf-with-dsym";
				ENABLE_NS_ASSERTIONS = NO;
				ENABLE_STRICT_OBJC_MSGSEND = YES;
				GCC_C_LANGUAGE_STANDARD = gnu99;
				GCC_NO_COMMON_BLOCKS = YES;
				GCC_WARN_64_TO_32_BIT_CONVERSION = YES;
				GCC_WARN_ABOUT_RETURN_TYPE = YES_ERROR;
				GCC_WARN_UNDECLARED_SELECTOR = YES;
				GCC_WARN_UNINITIALIZED_AUTOS = YES_AGGRESSIVE;
				GCC_WARN_UNUSED_FUNCTION = YES;
				GCC_WARN_UNUSED_VARIABLE = YES;
				IPHONEOS_DEPLOYMENT_TARGET = 10.0;
				MTL_ENABLE_DEBUG_INFO = NO;
				SDKROOT = iphoneos;
				VALIDATE_PRODUCT = YES;
			};
			name = Release;
		};
		F058C3A11E94D31700214902 /* Debug */ = {
			isa = XCBuildConfiguration;
			buildSettings = {
				ASSETCATALOG_COMPILER_APPICON_NAME = AppIcon;
				INFOPLIST_FILE = ZXGSqliteCache/Info.plist;
				LD_RUNPATH_SEARCH_PATHS = "$(inherited) @executable_path/Frameworks";
				PRODUCT_BUNDLE_IDENTIFIER = com.zxg.ZXGSqliteCache;
				PRODUCT_NAME = "$(TARGET_NAME)";
			};
			name = Debug;
		};
		F058C3A21E94D31700214902 /* Release */ = {
			isa = XCBuildConfiguration;
			buildSettings = {
				ASSETCATALOG_COMPILER_APPICON_NAME = AppIcon;
				INFOPLIST_FILE = ZXGSqliteCache/Info.plist;
				LD_RUNPATH_SEARCH_PATHS = "$(inherited) @executable_path/Frameworks";
				PRODUCT_BUNDLE_IDENTIFIER = com.zxg.ZXGSqliteCache;
				PRODUCT_NAME = "$(TARGET_NAME)";
			};
			name = Release;
		};
		F058C3A41E94D31700214902 /* Debug */ = {
			isa = XCBuildConfiguration;
			buildSettings = {
				BUNDLE_LOADER = "$(TEST_HOST)";
				INFOPLIST_FILE = ZXGSqliteCacheTests/Info.plist;
				LD_RUNPATH_SEARCH_PATHS = "$(inherited) @executable_path/Frameworks @loader_path/Frameworks";
				PRODUCT_BUNDLE_IDENTIFIER = zxg.ZXGSqliteCacheTests;
				PRODUCT_NAME = "$(TARGET_NAME)";
				TEST_HOST = "$(BUILT_PRODUCTS_DIR)/ZXGSqliteCache.app/ZXGSqliteCache";
			};
			name = Debug;
		};
		F058C3A51E94D31700214902 /* Release */ = {
			isa = XCBuildConfiguration;
			buildSettings = {
				BUNDLE_LOADER = "$(TEST_HOST)";
				INFOPLIST_FILE = ZXGSqliteCacheTests/Info.plist;
				LD_RUNPATH_SEARCH_PATHS = "$(inherited) @executable_path/Frameworks @loader_path/Frameworks";
				PRODUCT_BUNDLE_IDENTIFIER = zxg.ZXGSqliteCacheTests;
				PRODUCT_NAME = "$(TARGET_NAME)";
				TEST_HOST = "$(BUILT_PRODUCTS_DIR)/ZXGSqliteCache.app/ZXGSqliteCache";
			};
			name = Release;
		};
		F058C3A71E94D31700214902 /* Debug */ = {
			isa = XCBuildConfiguration;
			buildSettings = {
				INFOPLIST_FILE = ZXGSqliteCacheUITests/Info.plist;
				LD_RUNPATH_SEARCH_PATHS = "$(inherited) @executable_path/Frameworks @loader_path/Frameworks";
				PRODUCT_BUNDLE_IDENTIFIER = zxg.ZXGSqliteCacheUITests;
				PRODUCT_NAME = "$(TARGET_NAME)";
				TEST_TARGET_NAME = ZXGSqliteCache;
			};
			name = Debug;
		};
		F058C3A81E94D31700214902 /* Release */ = {
			isa = XCBuildConfiguration;
			buildSettings = {
				INFOPLIST_FILE = ZXGSqliteCacheUITests/Info.plist;
				LD_RUNPATH_SEARCH_PATHS = "$(inherited) @executable_path/Frameworks @loader_path/Frameworks";
				PRODUCT_BUNDLE_IDENTIFIER = zxg.ZXGSqliteCacheUITests;
				PRODUCT_NAME = "$(TARGET_NAME)";
				TEST_TARGET_NAME = ZXGSqliteCache;
			};
			name = Release;
		};
/* End XCBuildConfiguration section */

/* Begin XCConfigurationList section */
		F058C36E1E94D31600214902 /* Build configuration list for PBXProject "ZXGSqliteCache" */ = {
			isa = XCConfigurationList;
			buildConfigurations = (
				F058C39E1E94D31700214902 /* Debug */,
				F058C39F1E94D31700214902 /* Release */,
			);
			defaultConfigurationIsVisible = 0;
			defaultConfigurationName = Release;
		};
		F058C3A01E94D31700214902 /* Build configuration list for PBXNativeTarget "ZXGSqliteCache" */ = {
			isa = XCConfigurationList;
			buildConfigurations = (
				F058C3A11E94D31700214902 /* Debug */,
				F058C3A21E94D31700214902 /* Release */,
			);
			defaultConfigurationIsVisible = 0;
			defaultConfigurationName = Release;
		};
		F058C3A31E94D31700214902 /* Build configuration list for PBXNativeTarget "ZXGSqliteCacheTests" */ = {
			isa = XCConfigurationList;
			buildConfigurations = (
				F058C3A41E94D31700214902 /* Debug */,
				F058C3A51E94D31700214902 /* Release */,
			);
			defaultConfigurationIsVisible = 0;
			defaultConfigurationName = Release;
		};
		F058C3A61E94D31700214902 /* Build configuration list for PBXNativeTarget "ZXGSqliteCacheUITests" */ = {
			isa = XCConfigurationList;
			buildConfigurations = (
				F058C3A71E94D31700214902 /* Debug */,
				F058C3A81E94D31700214902 /* Release */,
			);
			defaultConfigurationIsVisible = 0;
			defaultConfigurationName = Release;
		};
/* End XCConfigurationList section */
	};
	rootObject = F058C36B1E94D31600214902 /* Project object */;
}
